// !$*UTF8*$!
{
	archiveVersion = 1;
	classes = {
	};
	objectVersion = 56;
	objects = {

/* Begin PBXBuildFile section */
		CDDC8C3C2B8F0DD3000669E9 /* RequestAPI.swift in Sources */ = {isa = PBXBuildFile; fileRef = CDDC8C3B2B8F0DD3000669E9 /* RequestAPI.swift */; };
		F70685DE2B8F41F300405F44 /* OnBoardingPersonalView.swift in Sources */ = {isa = PBXBuildFile; fileRef = F70685D82B8F41F300405F44 /* OnBoardingPersonalView.swift */; };
		F70685E12B8F41F300405F44 /* OnboardingNameView.swift in Sources */ = {isa = PBXBuildFile; fileRef = F70685DB2B8F41F300405F44 /* OnboardingNameView.swift */; };
		F70685E22B8F41F300405F44 /* OnBoardingAgeView.swift in Sources */ = {isa = PBXBuildFile; fileRef = F70685DC2B8F41F300405F44 /* OnBoardingAgeView.swift */; };
		F70685E32B8F41F300405F44 /* OnBoardingSizeView.swift in Sources */ = {isa = PBXBuildFile; fileRef = F70685DD2B8F41F300405F44 /* OnBoardingSizeView.swift */; };
		F70685E52B8F421000405F44 /* UserViewModel.swift in Sources */ = {isa = PBXBuildFile; fileRef = F70685E42B8F420F00405F44 /* UserViewModel.swift */; };
		F70685E72B8F426200405F44 /* User.swift in Sources */ = {isa = PBXBuildFile; fileRef = F70685E62B8F426100405F44 /* User.swift */; };
		F70685EA2B8F66B000405F44 /* ConceptView.swift in Sources */ = {isa = PBXBuildFile; fileRef = F70685E92B8F66B000405F44 /* ConceptView.swift */; };
		F70685ED2B8F864400405F44 /* LocationPreviewView.swift in Sources */ = {isa = PBXBuildFile; fileRef = F70685EC2B8F864400405F44 /* LocationPreviewView.swift */; };
		F70685EF2B8F9F6900405F44 /* MapProfileView.swift in Sources */ = {isa = PBXBuildFile; fileRef = F70685EE2B8F9F6900405F44 /* MapProfileView.swift */; };
		F70685F12B8FA2F400405F44 /* DetailView.swift in Sources */ = {isa = PBXBuildFile; fileRef = F70685F02B8FA2F400405F44 /* DetailView.swift */; };
		F74F48C32B8EBE6E00CFC786 /* ContentView.swift in Sources */ = {isa = PBXBuildFile; fileRef = F74F48C22B8EBE6E00CFC786 /* ContentView.swift */; };
		F74F48C52B8EBE6F00CFC786 /* Assets.xcassets in Resources */ = {isa = PBXBuildFile; fileRef = F74F48C42B8EBE6F00CFC786 /* Assets.xcassets */; };
		F74F48C82B8EBE6F00CFC786 /* Preview Assets.xcassets in Resources */ = {isa = PBXBuildFile; fileRef = F74F48C72B8EBE6F00CFC786 /* Preview Assets.xcassets */; };
		F74F48CF2B8EBE8700CFC786 /* .gitignore in Resources */ = {isa = PBXBuildFile; fileRef = F74F48CE2B8EBE8700CFC786 /* .gitignore */; };
		F74F48D12B8EBEA800CFC786 /* .gitattributes in Resources */ = {isa = PBXBuildFile; fileRef = F74F48D02B8EBEA800CFC786 /* .gitattributes */; };
		F74F48EC2B8EC44400CFC786 /* MapView.swift in Sources */ = {isa = PBXBuildFile; fileRef = F74F48EB2B8EC44400CFC786 /* MapView.swift */; };
		F74F48F02B8EEC8C00CFC786 /* Location.swift in Sources */ = {isa = PBXBuildFile; fileRef = F74F48EF2B8EEC8B00CFC786 /* Location.swift */; };
		F74F48F22B8EED3D00CFC786 /* LocationData.swift in Sources */ = {isa = PBXBuildFile; fileRef = F74F48F12B8EED3D00CFC786 /* LocationData.swift */; };
		F74F48F52B8EEE5600CFC786 /* MapViewModel.swift in Sources */ = {isa = PBXBuildFile; fileRef = F74F48F42B8EEE5600CFC786 /* MapViewModel.swift */; };
		F74F48F72B8EFC3400CFC786 /* LocationsListView.swift in Sources */ = {isa = PBXBuildFile; fileRef = F74F48F62B8EFC3400CFC786 /* LocationsListView.swift */; };
		F74F48F92B8F0D7A00CFC786 /* MarkerView.swift in Sources */ = {isa = PBXBuildFile; fileRef = F74F48F82B8F0D7A00CFC786 /* MarkerView.swift */; };
		F74F48FC2B8F395000CFC786 /* DatePickView.swift in Sources */ = {isa = PBXBuildFile; fileRef = F74F48FB2B8F395000CFC786 /* DatePickView.swift */; };
		F7818CED2B8FB7F300437773 /* HomeView.swift in Sources */ = {isa = PBXBuildFile; fileRef = F7818CEB2B8FB7F300437773 /* HomeView.swift */; };
		F7818CF02B8FB82200437773 /* RecommendTileView.swift in Sources */ = {isa = PBXBuildFile; fileRef = F7818CEF2B8FB82200437773 /* RecommendTileView.swift */; };
		F7818CF62B8FE0D600437773 /* LoadingView.swift in Sources */ = {isa = PBXBuildFile; fileRef = F7818CF52B8FE0D600437773 /* LoadingView.swift */; };
		F7818CFA2B8FE16A00437773 /* Extesion.swift in Sources */ = {isa = PBXBuildFile; fileRef = F7818CF92B8FE16A00437773 /* Extesion.swift */; };
		F7B1BC762B8FF057006399E5 /* locations.json in Resources */ = {isa = PBXBuildFile; fileRef = F7B1BC752B8FF057006399E5 /* locations.json */; };
		F7BBE8D72B9F365B00BC884A /* goormthonApp.swift in Sources */ = {isa = PBXBuildFile; fileRef = F7BBE8D62B9F365B00BC884A /* goormthonApp.swift */; };
		F7BBE8D92B9F435900BC884A /* Tips.swift in Sources */ = {isa = PBXBuildFile; fileRef = F7BBE8D82B9F435900BC884A /* Tips.swift */; };
/* End PBXBuildFile section */

/* Begin PBXFileReference section */
		CDDC8C3B2B8F0DD3000669E9 /* RequestAPI.swift */ = {isa = PBXFileReference; lastKnownFileType = sourcecode.swift; path = RequestAPI.swift; sourceTree = "<group>"; };
		F70685D82B8F41F300405F44 /* OnBoardingPersonalView.swift */ = {isa = PBXFileReference; fileEncoding = 4; lastKnownFileType = sourcecode.swift; path = OnBoardingPersonalView.swift; sourceTree = "<group>"; };
		F70685DB2B8F41F300405F44 /* OnboardingNameView.swift */ = {isa = PBXFileReference; fileEncoding = 4; lastKnownFileType = sourcecode.swift; path = OnboardingNameView.swift; sourceTree = "<group>"; };
		F70685DC2B8F41F300405F44 /* OnBoardingAgeView.swift */ = {isa = PBXFileReference; fileEncoding = 4; lastKnownFileType = sourcecode.swift; path = OnBoardingAgeView.swift; sourceTree = "<group>"; };
		F70685DD2B8F41F300405F44 /* OnBoardingSizeView.swift */ = {isa = PBXFileReference; fileEncoding = 4; lastKnownFileType = sourcecode.swift; path = OnBoardingSizeView.swift; sourceTree = "<group>"; };
		F70685E42B8F420F00405F44 /* UserViewModel.swift */ = {isa = PBXFileReference; fileEncoding = 4; lastKnownFileType = sourcecode.swift; path = UserViewModel.swift; sourceTree = "<group>"; };
		F70685E62B8F426100405F44 /* User.swift */ = {isa = PBXFileReference; fileEncoding = 4; lastKnownFileType = sourcecode.swift; path = User.swift; sourceTree = "<group>"; };
		F70685E92B8F66B000405F44 /* ConceptView.swift */ = {isa = PBXFileReference; lastKnownFileType = sourcecode.swift; path = ConceptView.swift; sourceTree = "<group>"; };
		F70685EC2B8F864400405F44 /* LocationPreviewView.swift */ = {isa = PBXFileReference; lastKnownFileType = sourcecode.swift; path = LocationPreviewView.swift; sourceTree = "<group>"; };
		F70685EE2B8F9F6900405F44 /* MapProfileView.swift */ = {isa = PBXFileReference; lastKnownFileType = sourcecode.swift; path = MapProfileView.swift; sourceTree = "<group>"; };
		F70685F02B8FA2F400405F44 /* DetailView.swift */ = {isa = PBXFileReference; lastKnownFileType = sourcecode.swift; path = DetailView.swift; sourceTree = "<group>"; };
		F74F48BD2B8EBE6E00CFC786 /* goormthon.app */ = {isa = PBXFileReference; explicitFileType = wrapper.application; includeInIndex = 0; path = goormthon.app; sourceTree = BUILT_PRODUCTS_DIR; };
		F74F48C22B8EBE6E00CFC786 /* ContentView.swift */ = {isa = PBXFileReference; lastKnownFileType = sourcecode.swift; path = ContentView.swift; sourceTree = "<group>"; };
		F74F48C42B8EBE6F00CFC786 /* Assets.xcassets */ = {isa = PBXFileReference; lastKnownFileType = folder.assetcatalog; path = Assets.xcassets; sourceTree = "<group>"; };
		F74F48C72B8EBE6F00CFC786 /* Preview Assets.xcassets */ = {isa = PBXFileReference; lastKnownFileType = folder.assetcatalog; path = "Preview Assets.xcassets"; sourceTree = "<group>"; };
		F74F48CE2B8EBE8700CFC786 /* .gitignore */ = {isa = PBXFileReference; lastKnownFileType = text; path = .gitignore; sourceTree = "<group>"; };
		F74F48D02B8EBEA800CFC786 /* .gitattributes */ = {isa = PBXFileReference; lastKnownFileType = text; path = .gitattributes; sourceTree = "<group>"; };
		F74F48D22B8EBFE800CFC786 /* Info.plist */ = {isa = PBXFileReference; lastKnownFileType = text.plist; path = Info.plist; sourceTree = "<group>"; };
		F74F48EB2B8EC44400CFC786 /* MapView.swift */ = {isa = PBXFileReference; lastKnownFileType = sourcecode.swift; path = MapView.swift; sourceTree = "<group>"; };
		F74F48EF2B8EEC8B00CFC786 /* Location.swift */ = {isa = PBXFileReference; lastKnownFileType = sourcecode.swift; path = Location.swift; sourceTree = "<group>"; };
		F74F48F12B8EED3D00CFC786 /* LocationData.swift */ = {isa = PBXFileReference; lastKnownFileType = sourcecode.swift; path = LocationData.swift; sourceTree = "<group>"; };
		F74F48F42B8EEE5600CFC786 /* MapViewModel.swift */ = {isa = PBXFileReference; lastKnownFileType = sourcecode.swift; path = MapViewModel.swift; sourceTree = "<group>"; };
		F74F48F62B8EFC3400CFC786 /* LocationsListView.swift */ = {isa = PBXFileReference; lastKnownFileType = sourcecode.swift; path = LocationsListView.swift; sourceTree = "<group>"; };
		F74F48F82B8F0D7A00CFC786 /* MarkerView.swift */ = {isa = PBXFileReference; lastKnownFileType = sourcecode.swift; path = MarkerView.swift; sourceTree = "<group>"; };
		F74F48FB2B8F395000CFC786 /* DatePickView.swift */ = {isa = PBXFileReference; lastKnownFileType = sourcecode.swift; path = DatePickView.swift; sourceTree = "<group>"; };
		F7818CEB2B8FB7F300437773 /* HomeView.swift */ = {isa = PBXFileReference; fileEncoding = 4; lastKnownFileType = sourcecode.swift; path = HomeView.swift; sourceTree = "<group>"; };
		F7818CEF2B8FB82200437773 /* RecommendTileView.swift */ = {isa = PBXFileReference; lastKnownFileType = sourcecode.swift; path = RecommendTileView.swift; sourceTree = "<group>"; };
		F7818CF52B8FE0D600437773 /* LoadingView.swift */ = {isa = PBXFileReference; fileEncoding = 4; lastKnownFileType = sourcecode.swift; path = LoadingView.swift; sourceTree = "<group>"; };
		F7818CF92B8FE16A00437773 /* Extesion.swift */ = {isa = PBXFileReference; fileEncoding = 4; lastKnownFileType = sourcecode.swift; path = Extesion.swift; sourceTree = "<group>"; };
		F7B1BC752B8FF057006399E5 /* locations.json */ = {isa = PBXFileReference; lastKnownFileType = text.json; path = locations.json; sourceTree = "<group>"; };
		F7BBE8D62B9F365B00BC884A /* goormthonApp.swift */ = {isa = PBXFileReference; fileEncoding = 4; lastKnownFileType = sourcecode.swift; path = goormthonApp.swift; sourceTree = "<group>"; };
		F7BBE8D82B9F435900BC884A /* Tips.swift */ = {isa = PBXFileReference; lastKnownFileType = sourcecode.swift; path = Tips.swift; sourceTree = "<group>"; };
/* End PBXFileReference section */

/* Begin PBXFrameworksBuildPhase section */
		F74F48BA2B8EBE6E00CFC786 /* Frameworks */ = {
			isa = PBXFrameworksBuildPhase;
			buildActionMask = 2147483647;
			files = (
			);
			runOnlyForDeploymentPostprocessing = 0;
		};
/* End PBXFrameworksBuildPhase section */

/* Begin PBXGroup section */
		CDDC8C382B8EFBC4000669E9 /* ViewModels */ = {
			isa = PBXGroup;
			children = (
				F74F48F42B8EEE5600CFC786 /* MapViewModel.swift */,
				F70685E42B8F420F00405F44 /* UserViewModel.swift */,
				CDDC8C3B2B8F0DD3000669E9 /* RequestAPI.swift */,
			);
			path = ViewModels;
			sourceTree = "<group>";
		};
		F70685E82B8F42A000405F44 /* Onboarding_Pet */ = {
			isa = PBXGroup;
			children = (
				F70685DC2B8F41F300405F44 /* OnBoardingAgeView.swift */,
				F70685DB2B8F41F300405F44 /* OnboardingNameView.swift */,
				F70685D82B8F41F300405F44 /* OnBoardingPersonalView.swift */,
				F70685DD2B8F41F300405F44 /* OnBoardingSizeView.swift */,
			);
			path = Onboarding_Pet;
			sourceTree = "<group>";
		};
		F70685EB2B8F79FD00405F44 /* Maps */ = {
			isa = PBXGroup;
			children = (
				F74F48F62B8EFC3400CFC786 /* LocationsListView.swift */,
				F70685EC2B8F864400405F44 /* LocationPreviewView.swift */,
				F74F48EB2B8EC44400CFC786 /* MapView.swift */,
				F70685F02B8FA2F400405F44 /* DetailView.swift */,
				F74F48F82B8F0D7A00CFC786 /* MarkerView.swift */,
				F70685EE2B8F9F6900405F44 /* MapProfileView.swift */,
				F7BBE8D82B9F435900BC884A /* Tips.swift */,
			);
			path = Maps;
			sourceTree = "<group>";
		};
		F74F48B42B8EBE6E00CFC786 = {
			isa = PBXGroup;
			children = (
				F74F48D02B8EBEA800CFC786 /* .gitattributes */,
				F74F48CE2B8EBE8700CFC786 /* .gitignore */,
				F74F48BF2B8EBE6E00CFC786 /* goormthon */,
				F74F48BE2B8EBE6E00CFC786 /* Products */,
			);
			sourceTree = "<group>";
		};
		F74F48BE2B8EBE6E00CFC786 /* Products */ = {
			isa = PBXGroup;
			children = (
				F74F48BD2B8EBE6E00CFC786 /* goormthon.app */,
			);
			name = Products;
			sourceTree = "<group>";
		};
		F74F48BF2B8EBE6E00CFC786 /* goormthon */ = {
			isa = PBXGroup;
			children = (
				CDDC8C382B8EFBC4000669E9 /* ViewModels */,
				F74F48E82B8EC33400CFC786 /* Views */,
				F74F48EE2B8EEC8200CFC786 /* Models */,
				F74F48D22B8EBFE800CFC786 /* Info.plist */,
				F7818CF92B8FE16A00437773 /* Extesion.swift */,
				F7BBE8D62B9F365B00BC884A /* goormthonApp.swift */,
				F74F48C22B8EBE6E00CFC786 /* ContentView.swift */,
				F74F48C42B8EBE6F00CFC786 /* Assets.xcassets */,
				F74F48C62B8EBE6F00CFC786 /* Preview Content */,
			);
			path = goormthon;
			sourceTree = "<group>";
		};
		F74F48C62B8EBE6F00CFC786 /* Preview Content */ = {
			isa = PBXGroup;
			children = (
				F74F48C72B8EBE6F00CFC786 /* Preview Assets.xcassets */,
			);
			path = "Preview Content";
			sourceTree = "<group>";
		};
		F74F48E82B8EC33400CFC786 /* Views */ = {
			isa = PBXGroup;
			children = (
				F7818CEA2B8FB7E800437773 /* Home */,
				F70685EB2B8F79FD00405F44 /* Maps */,
				F70685E82B8F42A000405F44 /* Onboarding_Pet */,
				F74F48FA2B8F393C00CFC786 /* Onboarding_Personal */,
				F7818CF52B8FE0D600437773 /* LoadingView.swift */,
			);
			path = Views;
			sourceTree = "<group>";
		};
		F74F48EE2B8EEC8200CFC786 /* Models */ = {
			isa = PBXGroup;
			children = (
				F70685E62B8F426100405F44 /* User.swift */,
				F74F48EF2B8EEC8B00CFC786 /* Location.swift */,
				F74F48F12B8EED3D00CFC786 /* LocationData.swift */,
				F7B1BC752B8FF057006399E5 /* locations.json */,
			);
			path = Models;
			sourceTree = "<group>";
		};
		F74F48FA2B8F393C00CFC786 /* Onboarding_Personal */ = {
			isa = PBXGroup;
			children = (
				F74F48FB2B8F395000CFC786 /* DatePickView.swift */,
				F70685E92B8F66B000405F44 /* ConceptView.swift */,
			);
			path = Onboarding_Personal;
			sourceTree = "<group>";
		};
		F7818CEA2B8FB7E800437773 /* Home */ = {
			isa = PBXGroup;
			children = (
				F7818CEB2B8FB7F300437773 /* HomeView.swift */,
				F7818CEF2B8FB82200437773 /* RecommendTileView.swift */,
			);
			path = Home;
			sourceTree = "<group>";
		};
/* End PBXGroup section */

/* Begin PBXNativeTarget section */
		F74F48BC2B8EBE6E00CFC786 /* goormthon */ = {
			isa = PBXNativeTarget;
			buildConfigurationList = F74F48CB2B8EBE6F00CFC786 /* Build configuration list for PBXNativeTarget "goormthon" */;
			buildPhases = (
				F74F48B92B8EBE6E00CFC786 /* Sources */,
				F74F48BA2B8EBE6E00CFC786 /* Frameworks */,
				F74F48BB2B8EBE6E00CFC786 /* Resources */,
			);
			buildRules = (
			);
			dependencies = (
			);
			name = goormthon;
			productName = goormthon;
			productReference = F74F48BD2B8EBE6E00CFC786 /* goormthon.app */;
			productType = "com.apple.product-type.application";
		};
/* End PBXNativeTarget section */

/* Begin PBXProject section */
		F74F48B52B8EBE6E00CFC786 /* Project object */ = {
			isa = PBXProject;
			attributes = {
				BuildIndependentTargetsInParallel = 1;
				LastSwiftUpdateCheck = 1520;
				LastUpgradeCheck = 1520;
				TargetAttributes = {
					F74F48BC2B8EBE6E00CFC786 = {
						CreatedOnToolsVersion = 15.2;
					};
				};
			};
			buildConfigurationList = F74F48B82B8EBE6E00CFC786 /* Build configuration list for PBXProject "goormthon" */;
			compatibilityVersion = "Xcode 14.0";
			developmentRegion = en;
			hasScannedForEncodings = 0;
			knownRegions = (
				en,
				Base,
			);
			mainGroup = F74F48B42B8EBE6E00CFC786;
			productRefGroup = F74F48BE2B8EBE6E00CFC786 /* Products */;
			projectDirPath = "";
			projectRoot = "";
			targets = (
				F74F48BC2B8EBE6E00CFC786 /* goormthon */,
			);
		};
/* End PBXProject section */

/* Begin PBXResourcesBuildPhase section */
		F74F48BB2B8EBE6E00CFC786 /* Resources */ = {
			isa = PBXResourcesBuildPhase;
			buildActionMask = 2147483647;
			files = (
				F74F48C82B8EBE6F00CFC786 /* Preview Assets.xcassets in Resources */,
				F74F48CF2B8EBE8700CFC786 /* .gitignore in Resources */,
				F7B1BC762B8FF057006399E5 /* locations.json in Resources */,
				F74F48C52B8EBE6F00CFC786 /* Assets.xcassets in Resources */,
				F74F48D12B8EBEA800CFC786 /* .gitattributes in Resources */,
			);
			runOnlyForDeploymentPostprocessing = 0;
		};
/* End PBXResourcesBuildPhase section */

/* Begin PBXSourcesBuildPhase section */
		F74F48B92B8EBE6E00CFC786 /* Sources */ = {
			isa = PBXSourcesBuildPhase;
			buildActionMask = 2147483647;
			files = (
				F7818CED2B8FB7F300437773 /* HomeView.swift in Sources */,
				F74F48F92B8F0D7A00CFC786 /* MarkerView.swift in Sources */,
				F74F48F22B8EED3D00CFC786 /* LocationData.swift in Sources */,
				F74F48C32B8EBE6E00CFC786 /* ContentView.swift in Sources */,
				F70685DE2B8F41F300405F44 /* OnBoardingPersonalView.swift in Sources */,
				F7818CF62B8FE0D600437773 /* LoadingView.swift in Sources */,
				F7818CF02B8FB82200437773 /* RecommendTileView.swift in Sources */,
				F74F48EC2B8EC44400CFC786 /* MapView.swift in Sources */,
				F70685EA2B8F66B000405F44 /* ConceptView.swift in Sources */,
				F7BBE8D72B9F365B00BC884A /* goormthonApp.swift in Sources */,
				F70685F12B8FA2F400405F44 /* DetailView.swift in Sources */,
				F70685EF2B8F9F6900405F44 /* MapProfileView.swift in Sources */,
				F70685E12B8F41F300405F44 /* OnboardingNameView.swift in Sources */,
				F7818CFA2B8FE16A00437773 /* Extesion.swift in Sources */,
				F74F48FC2B8F395000CFC786 /* DatePickView.swift in Sources */,
				F70685E72B8F426200405F44 /* User.swift in Sources */,
				F74F48F02B8EEC8C00CFC786 /* Location.swift in Sources */,
				F70685E52B8F421000405F44 /* UserViewModel.swift in Sources */,
				F70685E22B8F41F300405F44 /* OnBoardingAgeView.swift in Sources */,
				F70685ED2B8F864400405F44 /* LocationPreviewView.swift in Sources */,
				F74F48F52B8EEE5600CFC786 /* MapViewModel.swift in Sources */,
				F74F48F72B8EFC3400CFC786 /* LocationsListView.swift in Sources */,
				F7BBE8D92B9F435900BC884A /* Tips.swift in Sources */,
				F70685E32B8F41F300405F44 /* OnBoardingSizeView.swift in Sources */,
				CDDC8C3C2B8F0DD3000669E9 /* RequestAPI.swift in Sources */,
			);
			runOnlyForDeploymentPostprocessing = 0;
		};
/* End PBXSourcesBuildPhase section */

/* Begin XCBuildConfiguration section */
		F74F48C92B8EBE6F00CFC786 /* Debug */ = {
			isa = XCBuildConfiguration;
			buildSettings = {
				ALWAYS_SEARCH_USER_PATHS = NO;
				ASSETCATALOG_COMPILER_GENERATE_SWIFT_ASSET_SYMBOL_EXTENSIONS = YES;
				CLANG_ANALYZER_NONNULL = YES;
				CLANG_ANALYZER_NUMBER_OBJECT_CONVERSION = YES_AGGRESSIVE;
				CLANG_CXX_LANGUAGE_STANDARD = "gnu++20";
				CLANG_ENABLE_MODULES = YES;
				CLANG_ENABLE_OBJC_ARC = YES;
				CLANG_ENABLE_OBJC_WEAK = YES;
				CLANG_WARN_BLOCK_CAPTURE_AUTORELEASING = YES;
				CLANG_WARN_BOOL_CONVERSION = YES;
				CLANG_WARN_COMMA = YES;
				CLANG_WARN_CONSTANT_CONVERSION = YES;
				CLANG_WARN_DEPRECATED_OBJC_IMPLEMENTATIONS = YES;
				CLANG_WARN_DIRECT_OBJC_ISA_USAGE = YES_ERROR;
				CLANG_WARN_DOCUMENTATION_COMMENTS = YES;
				CLANG_WARN_EMPTY_BODY = YES;
				CLANG_WARN_ENUM_CONVERSION = YES;
				CLANG_WARN_INFINITE_RECURSION = YES;
				CLANG_WARN_INT_CONVERSION = YES;
				CLANG_WARN_NON_LITERAL_NULL_CONVERSION = YES;
				CLANG_WARN_OBJC_IMPLICIT_RETAIN_SELF = YES;
				CLANG_WARN_OBJC_LITERAL_CONVERSION = YES;
				CLANG_WARN_OBJC_ROOT_CLASS = YES_ERROR;
				CLANG_WARN_QUOTED_INCLUDE_IN_FRAMEWORK_HEADER = YES;
				CLANG_WARN_RANGE_LOOP_ANALYSIS = YES;
				CLANG_WARN_STRICT_PROTOTYPES = YES;
				CLANG_WARN_SUSPICIOUS_MOVE = YES;
				CLANG_WARN_UNGUARDED_AVAILABILITY = YES_AGGRESSIVE;
				CLANG_WARN_UNREACHABLE_CODE = YES;
				CLANG_WARN__DUPLICATE_METHOD_MATCH = YES;
				COPY_PHASE_STRIP = NO;
				DEBUG_INFORMATION_FORMAT = dwarf;
				ENABLE_STRICT_OBJC_MSGSEND = YES;
				ENABLE_TESTABILITY = YES;
				ENABLE_USER_SCRIPT_SANDBOXING = YES;
				GCC_C_LANGUAGE_STANDARD = gnu17;
				GCC_DYNAMIC_NO_PIC = NO;
				GCC_NO_COMMON_BLOCKS = YES;
				GCC_OPTIMIZATION_LEVEL = 0;
				GCC_PREPROCESSOR_DEFINITIONS = (
					"DEBUG=1",
					"$(inherited)",
				);
				GCC_WARN_64_TO_32_BIT_CONVERSION = YES;
				GCC_WARN_ABOUT_RETURN_TYPE = YES_ERROR;
				GCC_WARN_UNDECLARED_SELECTOR = YES;
				GCC_WARN_UNINITIALIZED_AUTOS = YES_AGGRESSIVE;
				GCC_WARN_UNUSED_FUNCTION = YES;
				GCC_WARN_UNUSED_VARIABLE = YES;
				IPHONEOS_DEPLOYMENT_TARGET = 17.2;
				LOCALIZATION_PREFERS_STRING_CATALOGS = YES;
				MTL_ENABLE_DEBUG_INFO = INCLUDE_SOURCE;
				MTL_FAST_MATH = YES;
				ONLY_ACTIVE_ARCH = YES;
				SDKROOT = iphoneos;
				SWIFT_ACTIVE_COMPILATION_CONDITIONS = "DEBUG $(inherited)";
				SWIFT_OPTIMIZATION_LEVEL = "-Onone";
			};
			name = Debug;
		};
		F74F48CA2B8EBE6F00CFC786 /* Release */ = {
			isa = XCBuildConfiguration;
			buildSettings = {
				ALWAYS_SEARCH_USER_PATHS = NO;
				ASSETCATALOG_COMPILER_GENERATE_SWIFT_ASSET_SYMBOL_EXTENSIONS = YES;
				CLANG_ANALYZER_NONNULL = YES;
				CLANG_ANALYZER_NUMBER_OBJECT_CONVERSION = YES_AGGRESSIVE;
				CLANG_CXX_LANGUAGE_STANDARD = "gnu++20";
				CLANG_ENABLE_MODULES = YES;
				CLANG_ENABLE_OBJC_ARC = YES;
				CLANG_ENABLE_OBJC_WEAK = YES;
				CLANG_WARN_BLOCK_CAPTURE_AUTORELEASING = YES;
				CLANG_WARN_BOOL_CONVERSION = YES;
				CLANG_WARN_COMMA = YES;
				CLANG_WARN_CONSTANT_CONVERSION = YES;
				CLANG_WARN_DEPRECATED_OBJC_IMPLEMENTATIONS = YES;
				CLANG_WARN_DIRECT_OBJC_ISA_USAGE = YES_ERROR;
				CLANG_WARN_DOCUMENTATION_COMMENTS = YES;
				CLANG_WARN_EMPTY_BODY = YES;
				CLANG_WARN_ENUM_CONVERSION = YES;
				CLANG_WARN_INFINITE_RECURSION = YES;
				CLANG_WARN_INT_CONVERSION = YES;
				CLANG_WARN_NON_LITERAL_NULL_CONVERSION = YES;
				CLANG_WARN_OBJC_IMPLICIT_RETAIN_SELF = YES;
				CLANG_WARN_OBJC_LITERAL_CONVERSION = YES;
				CLANG_WARN_OBJC_ROOT_CLASS = YES_ERROR;
				CLANG_WARN_QUOTED_INCLUDE_IN_FRAMEWORK_HEADER = YES;
				CLANG_WARN_RANGE_LOOP_ANALYSIS = YES;
				CLANG_WARN_STRICT_PROTOTYPES = YES;
				CLANG_WARN_SUSPICIOUS_MOVE = YES;
				CLANG_WARN_UNGUARDED_AVAILABILITY = YES_AGGRESSIVE;
				CLANG_WARN_UNREACHABLE_CODE = YES;
				CLANG_WARN__DUPLICATE_METHOD_MATCH = YES;
				COPY_PHASE_STRIP = NO;
				DEBUG_INFORMATION_FORMAT = "dwarf-with-dsym";
				ENABLE_NS_ASSERTIONS = NO;
				ENABLE_STRICT_OBJC_MSGSEND = YES;
				ENABLE_USER_SCRIPT_SANDBOXING = YES;
				GCC_C_LANGUAGE_STANDARD = gnu17;
				GCC_NO_COMMON_BLOCKS = YES;
				GCC_WARN_64_TO_32_BIT_CONVERSION = YES;
				GCC_WARN_ABOUT_RETURN_TYPE = YES_ERROR;
				GCC_WARN_UNDECLARED_SELECTOR = YES;
				GCC_WARN_UNINITIALIZED_AUTOS = YES_AGGRESSIVE;
				GCC_WARN_UNUSED_FUNCTION = YES;
				GCC_WARN_UNUSED_VARIABLE = YES;
				IPHONEOS_DEPLOYMENT_TARGET = 17.2;
				LOCALIZATION_PREFERS_STRING_CATALOGS = YES;
				MTL_ENABLE_DEBUG_INFO = NO;
				MTL_FAST_MATH = YES;
				SDKROOT = iphoneos;
				SWIFT_COMPILATION_MODE = wholemodule;
				VALIDATE_PRODUCT = YES;
			};
			name = Release;
		};
		F74F48CC2B8EBE6F00CFC786 /* Debug */ = {
			isa = XCBuildConfiguration;
			buildSettings = {
				ASSETCATALOG_COMPILER_APPICON_NAME = AppIcon;
				ASSETCATALOG_COMPILER_GLOBAL_ACCENT_COLOR_NAME = AccentColor;
				CLANG_ENABLE_OBJC_ARC = YES;
				CODE_SIGN_STYLE = Automatic;
				CURRENT_PROJECT_VERSION = 1;
				DEVELOPMENT_ASSET_PATHS = "\"goormthon/Preview Content\"";
				DEVELOPMENT_TEAM = 785KK9R5M8;
				ENABLE_PREVIEWS = YES;
				GENERATE_INFOPLIST_FILE = YES;
				INFOPLIST_FILE = goormthon/Info.plist;
				INFOPLIST_KEY_CFBundleDisplayName = "강생이랑";
				INFOPLIST_KEY_LSApplicationCategoryType = "public.app-category.travel";
				INFOPLIST_KEY_UIApplicationSceneManifest_Generation = YES;
				INFOPLIST_KEY_UIApplicationSupportsIndirectInputEvents = YES;
				INFOPLIST_KEY_UISupportedInterfaceOrientations = UIInterfaceOrientationPortrait;
				INFOPLIST_KEY_UISupportedInterfaceOrientations_iPad = "UIInterfaceOrientationLandscapeLeft UIInterfaceOrientationLandscapeRight UIInterfaceOrientationPortrait UIInterfaceOrientationPortraitUpsideDown";
				IPHONEOS_DEPLOYMENT_TARGET = 17.2;
				LD_RUNPATH_SEARCH_PATHS = (
					"$(inherited)",
					"@executable_path/Frameworks",
				);
				MARKETING_VERSION = 1.0;
				PRODUCT_BUNDLE_IDENTIFIER = com.hajin.goormthon;
				PRODUCT_NAME = "$(TARGET_NAME)";
				SUPPORTED_PLATFORMS = "iphoneos iphonesimulator";
				SUPPORTS_MACCATALYST = NO;
				SUPPORTS_MAC_DESIGNED_FOR_IPHONE_IPAD = NO;
				SUPPORTS_XR_DESIGNED_FOR_IPHONE_IPAD = NO;
				SWIFT_EMIT_LOC_STRINGS = YES;
				SWIFT_OBJC_BRIDGING_HEADER = "";
				SWIFT_VERSION = 5.0;
				TARGETED_DEVICE_FAMILY = "1,2";
			};
			name = Debug;
		};
		F74F48CD2B8EBE6F00CFC786 /* Release */ = {
			isa = XCBuildConfiguration;
			buildSettings = {
				ASSETCATALOG_COMPILER_APPICON_NAME = AppIcon;
				ASSETCATALOG_COMPILER_GLOBAL_ACCENT_COLOR_NAME = AccentColor;
				CLANG_ENABLE_OBJC_ARC = YES;
				CODE_SIGN_STYLE = Automatic;
				CURRENT_PROJECT_VERSION = 1;
				DEVELOPMENT_ASSET_PATHS = "\"goormthon/Preview Content\"";
				DEVELOPMENT_TEAM = 785KK9R5M8;
				ENABLE_PREVIEWS = YES;
				GENERATE_INFOPLIST_FILE = YES;
				INFOPLIST_FILE = goormthon/Info.plist;
				INFOPLIST_KEY_CFBundleDisplayName = "강생이랑";
				INFOPLIST_KEY_LSApplicationCategoryType = "public.app-category.travel";
				INFOPLIST_KEY_UIApplicationSceneManifest_Generation = YES;
				INFOPLIST_KEY_UIApplicationSupportsIndirectInputEvents = YES;
				INFOPLIST_KEY_UISupportedInterfaceOrientations = UIInterfaceOrientationPortrait;
				INFOPLIST_KEY_UISupportedInterfaceOrientations_iPad = "UIInterfaceOrientationLandscapeLeft UIInterfaceOrientationLandscapeRight UIInterfaceOrientationPortrait UIInterfaceOrientationPortraitUpsideDown";
				IPHONEOS_DEPLOYMENT_TARGET = 17.2;
				LD_RUNPATH_SEARCH_PATHS = (
					"$(inherited)",
					"@executable_path/Frameworks",
				);
				MARKETING_VERSION = 1.0;
				PRODUCT_BUNDLE_IDENTIFIER = com.hajin.goormthon;
				PRODUCT_NAME = "$(TARGET_NAME)";
				SUPPORTED_PLATFORMS = "iphoneos iphonesimulator";
				SUPPORTS_MACCATALYST = NO;
				SUPPORTS_MAC_DESIGNED_FOR_IPHONE_IPAD = NO;
				SUPPORTS_XR_DESIGNED_FOR_IPHONE_IPAD = NO;
				SWIFT_EMIT_LOC_STRINGS = YES;
				SWIFT_OBJC_BRIDGING_HEADER = "";
				SWIFT_VERSION = 5.0;
				TARGETED_DEVICE_FAMILY = "1,2";
			};
			name = Release;
		};
/* End XCBuildConfiguration section */

/* Begin XCConfigurationList section */
		F74F48B82B8EBE6E00CFC786 /* Build configuration list for PBXProject "goormthon" */ = {
			isa = XCConfigurationList;
			buildConfigurations = (
				F74F48C92B8EBE6F00CFC786 /* Debug */,
				F74F48CA2B8EBE6F00CFC786 /* Release */,
			);
			defaultConfigurationIsVisible = 0;
			defaultConfigurationName = Release;
		};
		F74F48CB2B8EBE6F00CFC786 /* Build configuration list for PBXNativeTarget "goormthon" */ = {
			isa = XCConfigurationList;
			buildConfigurations = (
				F74F48CC2B8EBE6F00CFC786 /* Debug */,
				F74F48CD2B8EBE6F00CFC786 /* Release */,
			);
			defaultConfigurationIsVisible = 0;
			defaultConfigurationName = Release;
		};
/* End XCConfigurationList section */
	};
	rootObject = F74F48B52B8EBE6E00CFC786 /* Project object */;
}
